
Microsoft Visual Studio Solution File, Format Version 12.00
# Visual Studio Version 17
VisualStudioVersion = 17.1.32328.378
MinimumVisualStudioVersion = 10.0.40219.1
Project("{9A19103F-16F7-4668-BE54-9A1E7A4F7556}") = "OwlGenerator", "OwlGenerator\OwlGenerator.csproj", "{ACF00976-51AC-4C66-A3B8-A6CAF43D81E4}"
EndProject
Project("{9A19103F-16F7-4668-BE54-9A1E7A4F7556}") = "OwlGenerator.View", "OwlGenerator.View\OwlGenerator.View.csproj", "{A1814CBA-523B-4328-A090-11E2E39562DF}"
EndProject
Global
	GlobalSection(SolutionConfigurationPlatforms) = preSolution
		Debug|Any CPU = Debug|Any CPU
		Release|Any CPU = Release|Any CPU
	EndGlobalSection
	GlobalSection(ProjectConfigurationPlatforms) = postSolution
		{ACF00976-51AC-4C66-A3B8-A6CAF43D81E4}.Debug|Any CPU.ActiveCfg = Debug|Any CPU
		{ACF00976-51AC-4C66-A3B8-A6CAF43D81E4}.Debug|Any CPU.Build.0 = Debug|Any CPU
		{ACF00976-51AC-4C66-A3B8-A6CAF43D81E4}.Release|Any CPU.ActiveCfg = Release|Any CPU
		{ACF00976-51AC-4C66-A3B8-A6CAF43D81E4}.Release|Any CPU.Build.0 = Release|Any CPU
		{A1814CBA-523B-4328-A090-11E2E39562DF}.Debug|Any CPU.ActiveCfg = Debug|Any CPU
		{A1814CBA-523B-4328-A090-11E2E39562DF}.Debug|Any CPU.Build.0 = Debug|Any CPU
		{A1814CBA-523B-4328-A090-11E2E39562DF}.Release|Any CPU.ActiveCfg = Release|Any CPU
		{A1814CBA-523B-4328-A090-11E2E39562DF}.Release|Any CPU.Build.0 = Release|Any CPU
	EndGlobalSection
	GlobalSection(SolutionProperties) = preSolution
		HideSolutionNode = FALSE
	EndGlobalSection
	GlobalSection(ExtensibilityGlobals) = postSolution
		SolutionGuid = {4443872D-E493-42E7-92F0-1738E27D0832}
	EndGlobalSection
EndGlobal
